{
    "name": "ide-core-powershell",
    "version": "0.1.0",
    "lockfileVersion": 3,
    "requires": true,
    "packages": {
        "": {
            "name": "ide-core-powershell",
            "version": "0.1.0",
            "dependencies": {
                "node-pty": "^1.0.0",
                "vscode-jsonrpc": "^6.0.0",
                "vscode-ws-jsonrpc": "^0.2.0"
            },
            "devDependencies": {
                "@types/node": "^16.0.0",
                "typescript": "^4.5.0"
            }
        },
        "node_modules/@types/node": {
            "version": "16.18.126",
            "resolved": "https://registry.npmjs.org/@types/node/-/node-16.18.126.tgz",
            "integrity": "sha512-OTcgaiwfGFBKacvfwuHzzn1KLxH/er8mluiy8/uM3sGXHaRe73RrSIj01jow9t4kJEW633Ov+cOexXeiApTyAw==",
            "dev": true,
            "license": "MIT"
        },
        "node_modules/node-addon-api": {
            "version": "7.1.1",
            "resolved": "https://registry.npmjs.org/node-addon-api/-/node-addon-api-7.1.1.tgz",
            "integrity": "sha512-5m3bsyrjFWE1xf7nz7YXdN4udnVtXK6/Yfgn5qnahL6bCkf2yKt4k3nuTKAtT4r3IG8JNR2ncsIMdZuAzJjHQQ==",
            "license": "MIT"
        },
        "node_modules/node-pty": {
            "version": "1.1.0",
            "resolved": "https://registry.npmjs.org/node-pty/-/node-pty-1.1.0.tgz",
            "integrity": "sha512-20JqtutY6JPXTUnL0ij1uad7Qe1baT46lyolh2sSENDd4sTzKZ4nmAFkeAARDKwmlLjPx6XKRlwRUxwjOy+lUg==",
            "hasInstallScript": true,
            "license": "MIT",
            "dependencies": {
                "node-addon-api": "^7.1.0"
            }
        },
        "node_modules/typescript": {
            "version": "4.9.5",
            "resolved": "https://registry.npmjs.org/typescript/-/typescript-4.9.5.tgz",
            "integrity": "sha512-1FXk9E2Hm+QzZQ7z+McJiHL4NW1F2EzMu9Nq9i3zAaGqibafqYwCVU6WyWAuyQRRzOlxou8xZSyXLEN8oKj24g==",
            "dev": true,
            "license": "Apache-2.0",
            "bin": {
                "tsc": "bin/tsc",
                "tsserver": "bin/tsserver"
            },
            "engines": {
                "node": ">=4.2.0"
            }
        },
        "node_modules/vscode-jsonrpc": {
            "version": "6.0.0",
            "resolved": "https://registry.npmjs.org/vscode-jsonrpc/-/vscode-jsonrpc-6.0.0.tgz",
            "integrity": "sha512-wnJA4BnEjOSyFMvjZdpiOwhSq9uDoK8e/kpRJDTaMYzwlkrhG1fwDIZI94CLsLzlCK5cIbMMtFlJlfR57Lavmg==",
            "license": "MIT",
            "engines": {
                "node": ">=8.0.0 || >=10.0.0"
            }
        },
        "node_modules/vscode-ws-jsonrpc": {
            "version": "0.2.0",
            "resolved": "https://registry.npmjs.org/vscode-ws-jsonrpc/-/vscode-ws-jsonrpc-0.2.0.tgz",
            "integrity": "sha512-NE9HNRgPjCaPyTJvIudcpyIWPImxwRDtuTX16yks7SAiZgSXigxAiZOvSvVBGmD1G/OMfrFo6BblOtjVR9DdVA==",
            "license": "MIT",
            "dependencies": {
                "vscode-jsonrpc": "^5.0.0"
            }
        },
        "node_modules/vscode-ws-jsonrpc/node_modules/vscode-jsonrpc": {
            "version": "5.0.1",
            "resolved": "https://registry.npmjs.org/vscode-jsonrpc/-/vscode-jsonrpc-5.0.1.tgz",
            "integrity": "sha512-JvONPptw3GAQGXlVV2utDcHx0BiY34FupW/kI6mZ5x06ER5DdPG/tXWMVHjTNULF5uKPOUUD0SaXg5QaubJL0A==",
            "license": "MIT",
            "engines": {
                "node": ">=8.0.0 || >=10.0.0"
            }
        }
    }
}
